
Microsoft Visual Studio Solution File, Format Version 12.00
# Visual Studio 15
VisualStudioVersion = 15.0.26124.0
MinimumVisualStudioVersion = 15.0.26124.0
Project("{FAE04EC0-301F-11D3-BF4B-00C04F79EFBC}") = "API", "API\API.csproj", "{55EFE770-D588-43B0-AA36-1FD6412CDFC3}"
EndProject
Project("{FAE04EC0-301F-11D3-BF4B-00C04F79EFBC}") = "Core", "Core\Core.csproj", "{FE85E7D2-4C6E-481C-B4DF-A70A49A01B0F}"
EndProject
Project("{FAE04EC0-301F-11D3-BF4B-00C04F79EFBC}") = "Infrastructure", "Infrastructure\Infrastructure.csproj", "{670AEFD1-6D99-4335-ADF8-F145D2C1DDD2}"
EndProject
Global
	GlobalSection(SolutionConfigurationPlatforms) = preSolution
		Debug|Any CPU = Debug|Any CPU
		Debug|x64 = Debug|x64
		Debug|x86 = Debug|x86
		Release|Any CPU = Release|Any CPU
		Release|x64 = Release|x64
		Release|x86 = Release|x86
	EndGlobalSection
	GlobalSection(SolutionProperties) = preSolution
		HideSolutionNode = FALSE
	EndGlobalSection
	GlobalSection(ProjectConfigurationPlatforms) = postSolution
		{55EFE770-D588-43B0-AA36-1FD6412CDFC3}.Debug|Any CPU.ActiveCfg = Debug|Any CPU
		{55EFE770-D588-43B0-AA36-1FD6412CDFC3}.Debug|Any CPU.Build.0 = Debug|Any CPU
		{55EFE770-D588-43B0-AA36-1FD6412CDFC3}.Debug|x64.ActiveCfg = Debug|Any CPU
		{55EFE770-D588-43B0-AA36-1FD6412CDFC3}.Debug|x64.Build.0 = Debug|Any CPU
		{55EFE770-D588-43B0-AA36-1FD6412CDFC3}.Debug|x86.ActiveCfg = Debug|Any CPU
		{55EFE770-D588-43B0-AA36-1FD6412CDFC3}.Debug|x86.Build.0 = Debug|Any CPU
		{55EFE770-D588-43B0-AA36-1FD6412CDFC3}.Release|Any CPU.ActiveCfg = Release|Any CPU
		{55EFE770-D588-43B0-AA36-1FD6412CDFC3}.Release|Any CPU.Build.0 = Release|Any CPU
		{55EFE770-D588-43B0-AA36-1FD6412CDFC3}.Release|x64.ActiveCfg = Release|Any CPU
		{55EFE770-D588-43B0-AA36-1FD6412CDFC3}.Release|x64.Build.0 = Release|Any CPU
		{55EFE770-D588-43B0-AA36-1FD6412CDFC3}.Release|x86.ActiveCfg = Release|Any CPU
		{55EFE770-D588-43B0-AA36-1FD6412CDFC3}.Release|x86.Build.0 = Release|Any CPU
		{FE85E7D2-4C6E-481C-B4DF-A70A49A01B0F}.Debug|Any CPU.ActiveCfg = Debug|Any CPU
		{FE85E7D2-4C6E-481C-B4DF-A70A49A01B0F}.Debug|Any CPU.Build.0 = Debug|Any CPU
		{FE85E7D2-4C6E-481C-B4DF-A70A49A01B0F}.Debug|x64.ActiveCfg = Debug|Any CPU
		{FE85E7D2-4C6E-481C-B4DF-A70A49A01B0F}.Debug|x64.Build.0 = Debug|Any CPU
		{FE85E7D2-4C6E-481C-B4DF-A70A49A01B0F}.Debug|x86.ActiveCfg = Debug|Any CPU
		{FE85E7D2-4C6E-481C-B4DF-A70A49A01B0F}.Debug|x86.Build.0 = Debug|Any CPU
		{FE85E7D2-4C6E-481C-B4DF-A70A49A01B0F}.Release|Any CPU.ActiveCfg = Release|Any CPU
		{FE85E7D2-4C6E-481C-B4DF-A70A49A01B0F}.Release|Any CPU.Build.0 = Release|Any CPU
		{FE85E7D2-4C6E-481C-B4DF-A70A49A01B0F}.Release|x64.ActiveCfg = Release|Any CPU
		{FE85E7D2-4C6E-481C-B4DF-A70A49A01B0F}.Release|x64.Build.0 = Release|Any CPU
		{FE85E7D2-4C6E-481C-B4DF-A70A49A01B0F}.Release|x86.ActiveCfg = Release|Any CPU
		{FE85E7D2-4C6E-481C-B4DF-A70A49A01B0F}.Release|x86.Build.0 = Release|Any CPU
		{670AEFD1-6D99-4335-ADF8-F145D2C1DDD2}.Debug|Any CPU.ActiveCfg = Debug|Any CPU
		{670AEFD1-6D99-4335-ADF8-F145D2C1DDD2}.Debug|Any CPU.Build.0 = Debug|Any CPU
		{670AEFD1-6D99-4335-ADF8-F145D2C1DDD2}.Debug|x64.ActiveCfg = Debug|Any CPU
		{670AEFD1-6D99-4335-ADF8-F145D2C1DDD2}.Debug|x64.Build.0 = Debug|Any CPU
		{670AEFD1-6D99-4335-ADF8-F145D2C1DDD2}.Debug|x86.ActiveCfg = Debug|Any CPU
		{670AEFD1-6D99-4335-ADF8-F145D2C1DDD2}.Debug|x86.Build.0 = Debug|Any CPU
		{670AEFD1-6D99-4335-ADF8-F145D2C1DDD2}.Release|Any CPU.ActiveCfg = Release|Any CPU
		{670AEFD1-6D99-4335-ADF8-F145D2C1DDD2}.Release|Any CPU.Build.0 = Release|Any CPU
		{670AEFD1-6D99-4335-ADF8-F145D2C1DDD2}.Release|x64.ActiveCfg = Release|Any CPU
		{670AEFD1-6D99-4335-ADF8-F145D2C1DDD2}.Release|x64.Build.0 = Release|Any CPU
		{670AEFD1-6D99-4335-ADF8-F145D2C1DDD2}.Release|x86.ActiveCfg = Release|Any CPU
		{670AEFD1-6D99-4335-ADF8-F145D2C1DDD2}.Release|x86.Build.0 = Release|Any CPU
	EndGlobalSection
EndGlobal
